
Microsoft Visual Studio Solution File, Format Version 12.00
# Visual Studio Version 17
VisualStudioVersion = 17.8.34330.188
MinimumVisualStudioVersion = 10.0.40219.1
Project("{9A19103F-16F7-4668-BE54-9A1E7A4F7556}") = "Tasks.API", "Tasks\Tasks.API.csproj", "{D5171413-B4BB-4078-8468-DC452158B488}"
EndProject
Project("{9A19103F-16F7-4668-BE54-9A1E7A4F7556}") = "Taks.Core", "Taks.Core\Taks.Core.csproj", "{570A5E38-2867-4084-813A-E695EC902A69}"
EndProject
Project("{9A19103F-16F7-4668-BE54-9A1E7A4F7556}") = "Tasks.Infrastructure", "Tasks.Infrastructure\Tasks.Infrastructure.csproj", "{F990947F-CB41-4006-81D5-DBE96464E197}"
EndProject
Project("{FAE04EC0-301F-11D3-BF4B-00C04F79EFBC}") = "Tasks.UnitTesting", "Tasks.UnitTesting\Tasks.UnitTesting.csproj", "{A42F04D6-1219-4268-9CE4-7F9556E56037}"
EndProject
Global
	GlobalSection(SolutionConfigurationPlatforms) = preSolution
		Debug|Any CPU = Debug|Any CPU
		Release|Any CPU = Release|Any CPU
	EndGlobalSection
	GlobalSection(ProjectConfigurationPlatforms) = postSolution
		{D5171413-B4BB-4078-8468-DC452158B488}.Debug|Any CPU.ActiveCfg = Debug|Any CPU
		{D5171413-B4BB-4078-8468-DC452158B488}.Debug|Any CPU.Build.0 = Debug|Any CPU
		{D5171413-B4BB-4078-8468-DC452158B488}.Release|Any CPU.ActiveCfg = Release|Any CPU
		{D5171413-B4BB-4078-8468-DC452158B488}.Release|Any CPU.Build.0 = Release|Any CPU
		{570A5E38-2867-4084-813A-E695EC902A69}.Debug|Any CPU.ActiveCfg = Debug|Any CPU
		{570A5E38-2867-4084-813A-E695EC902A69}.Debug|Any CPU.Build.0 = Debug|Any CPU
		{570A5E38-2867-4084-813A-E695EC902A69}.Release|Any CPU.ActiveCfg = Release|Any CPU
		{570A5E38-2867-4084-813A-E695EC902A69}.Release|Any CPU.Build.0 = Release|Any CPU
		{F990947F-CB41-4006-81D5-DBE96464E197}.Debug|Any CPU.ActiveCfg = Debug|Any CPU
		{F990947F-CB41-4006-81D5-DBE96464E197}.Debug|Any CPU.Build.0 = Debug|Any CPU
		{F990947F-CB41-4006-81D5-DBE96464E197}.Release|Any CPU.ActiveCfg = Release|Any CPU
		{F990947F-CB41-4006-81D5-DBE96464E197}.Release|Any CPU.Build.0 = Release|Any CPU
		{A42F04D6-1219-4268-9CE4-7F9556E56037}.Debug|Any CPU.ActiveCfg = Debug|Any CPU
		{A42F04D6-1219-4268-9CE4-7F9556E56037}.Debug|Any CPU.Build.0 = Debug|Any CPU
		{A42F04D6-1219-4268-9CE4-7F9556E56037}.Release|Any CPU.ActiveCfg = Release|Any CPU
		{A42F04D6-1219-4268-9CE4-7F9556E56037}.Release|Any CPU.Build.0 = Release|Any CPU
	EndGlobalSection
	GlobalSection(SolutionProperties) = preSolution
		HideSolutionNode = FALSE
	EndGlobalSection
	GlobalSection(ExtensibilityGlobals) = postSolution
		SolutionGuid = {272E6B25-7594-470C-B762-C57607CBAB4B}
	EndGlobalSection
EndGlobal
